
Microsoft Visual Studio Solution File, Format Version 12.00
# Visual Studio Version 17
VisualStudioVersion = 17.7.34202.233
MinimumVisualStudioVersion = 10.0.40219.1
Project("{9A19103F-16F7-4668-BE54-9A1E7A4F7556}") = "exercise1", "exercise1.csproj", "{BB0DC4E1-29E3-4E0B-BFBB-976CED0573E4}"
EndProject
Global
	GlobalSection(SolutionConfigurationPlatforms) = preSolution
		Debug|Any CPU = Debug|Any CPU
		Release|Any CPU = Release|Any CPU
	EndGlobalSection
	GlobalSection(ProjectConfigurationPlatforms) = postSolution
		{BB0DC4E1-29E3-4E0B-BFBB-976CED0573E4}.Debug|Any CPU.ActiveCfg = Debug|Any CPU
		{BB0DC4E1-29E3-4E0B-BFBB-976CED0573E4}.Debug|Any CPU.Build.0 = Debug|Any CPU
		{BB0DC4E1-29E3-4E0B-BFBB-976CED0573E4}.Release|Any CPU.ActiveCfg = Release|Any CPU
		{BB0DC4E1-29E3-4E0B-BFBB-976CED0573E4}.Release|Any CPU.Build.0 = Release|Any CPU
	EndGlobalSection
	GlobalSection(SolutionProperties) = preSolution
		HideSolutionNode = FALSE
	EndGlobalSection
	GlobalSection(ExtensibilityGlobals) = postSolution
		SolutionGuid = {DA987712-1FEE-4F5C-9BAB-818769C9BA13}
	EndGlobalSection
EndGlobal
